
Microsoft Visual Studio Solution File, Format Version 12.00
# Visual Studio Version 16
VisualStudioVersion = 16.0.31729.503
MinimumVisualStudioVersion = 10.0.40219.1
Project("{9A19103F-16F7-4668-BE54-9A1E7A4F7556}") = "MartianRobots", "MartianRobots\MartianRobots.csproj", "{DDC95F7D-2942-4875-BF2C-2AA7E1B4B438}"
EndProject
Project("{FAE04EC0-301F-11D3-BF4B-00C04F79EFBC}") = "MartianRobotsTests", "MartianRobotsTests\MartianRobotsTests.csproj", "{E0ED69BD-A3DA-4536-B73D-9C59355E2686}"
EndProject
Global
	GlobalSection(SolutionConfigurationPlatforms) = preSolution
		Debug|Any CPU = Debug|Any CPU
		Release|Any CPU = Release|Any CPU
	EndGlobalSection
	GlobalSection(ProjectConfigurationPlatforms) = postSolution
		{DDC95F7D-2942-4875-BF2C-2AA7E1B4B438}.Debug|Any CPU.ActiveCfg = Debug|Any CPU
		{DDC95F7D-2942-4875-BF2C-2AA7E1B4B438}.Debug|Any CPU.Build.0 = Debug|Any CPU
		{DDC95F7D-2942-4875-BF2C-2AA7E1B4B438}.Release|Any CPU.ActiveCfg = Release|Any CPU
		{DDC95F7D-2942-4875-BF2C-2AA7E1B4B438}.Release|Any CPU.Build.0 = Release|Any CPU
		{E0ED69BD-A3DA-4536-B73D-9C59355E2686}.Debug|Any CPU.ActiveCfg = Debug|Any CPU
		{E0ED69BD-A3DA-4536-B73D-9C59355E2686}.Debug|Any CPU.Build.0 = Debug|Any CPU
		{E0ED69BD-A3DA-4536-B73D-9C59355E2686}.Release|Any CPU.ActiveCfg = Release|Any CPU
		{E0ED69BD-A3DA-4536-B73D-9C59355E2686}.Release|Any CPU.Build.0 = Release|Any CPU
	EndGlobalSection
	GlobalSection(SolutionProperties) = preSolution
		HideSolutionNode = FALSE
	EndGlobalSection
	GlobalSection(ExtensibilityGlobals) = postSolution
		SolutionGuid = {B10DF274-050B-4BAC-9B8D-CBA8D2181034}
	EndGlobalSection
EndGlobal
